
Microsoft Visual Studio Solution File, Format Version 12.00
Project("{FAE04EC0-301F-11D3-BF4B-00C04F79EFBC}") = "TestWebApp", "TestWebApp\TestWebApp.csproj", "{234A6B89-6E00-4D17-A0D3-95E5616368D6}"
EndProject
Global
	GlobalSection(SolutionConfigurationPlatforms) = preSolution
		Debug|Any CPU = Debug|Any CPU
		Release|Any CPU = Release|Any CPU
	EndGlobalSection
	GlobalSection(ProjectConfigurationPlatforms) = postSolution
		{234A6B89-6E00-4D17-A0D3-95E5616368D6}.Debug|Any CPU.ActiveCfg = Debug|Any CPU
		{234A6B89-6E00-4D17-A0D3-95E5616368D6}.Debug|Any CPU.Build.0 = Debug|Any CPU
		{234A6B89-6E00-4D17-A0D3-95E5616368D6}.Release|Any CPU.ActiveCfg = Release|Any CPU
		{234A6B89-6E00-4D17-A0D3-95E5616368D6}.Release|Any CPU.Build.0 = Release|Any CPU
	EndGlobalSection
EndGlobal
